
Microsoft Visual Studio Solution File, Format Version 12.00
# Visual Studio Version 17
VisualStudioVersion = 17.0.31912.275
MinimumVisualStudioVersion = 10.0.40219.1
Project("{8BC9CEB8-8B4A-11D0-8D11-00A0C91BC942}") = "pb4_numere", "pb4_numere.vcxproj", "{F1A2EB19-6C90-40EB-B2E3-7B2C822ADBCE}"
EndProject
Global
	GlobalSection(SolutionConfigurationPlatforms) = preSolution
		Debug|x64 = Debug|x64
		Debug|x86 = Debug|x86
		Release|x64 = Release|x64
		Release|x86 = Release|x86
	EndGlobalSection
	GlobalSection(ProjectConfigurationPlatforms) = postSolution
		{F1A2EB19-6C90-40EB-B2E3-7B2C822ADBCE}.Debug|x64.ActiveCfg = Debug|x64
		{F1A2EB19-6C90-40EB-B2E3-7B2C822ADBCE}.Debug|x64.Build.0 = Debug|x64
		{F1A2EB19-6C90-40EB-B2E3-7B2C822ADBCE}.Debug|x86.ActiveCfg = Debug|Win32
		{F1A2EB19-6C90-40EB-B2E3-7B2C822ADBCE}.Debug|x86.Build.0 = Debug|Win32
		{F1A2EB19-6C90-40EB-B2E3-7B2C822ADBCE}.Release|x64.ActiveCfg = Release|x64
		{F1A2EB19-6C90-40EB-B2E3-7B2C822ADBCE}.Release|x64.Build.0 = Release|x64
		{F1A2EB19-6C90-40EB-B2E3-7B2C822ADBCE}.Release|x86.ActiveCfg = Release|Win32
		{F1A2EB19-6C90-40EB-B2E3-7B2C822ADBCE}.Release|x86.Build.0 = Release|Win32
	EndGlobalSection
	GlobalSection(SolutionProperties) = preSolution
		HideSolutionNode = FALSE
	EndGlobalSection
	GlobalSection(ExtensibilityGlobals) = postSolution
		SolutionGuid = {E3DA2512-CEC9-463C-A58B-C19BC1A8BDD3}
	EndGlobalSection
EndGlobal
